// !$*UTF8*$!
{
	archiveVersion = 1;
	classes = {
	};
	objectVersion = 46;
	objects = {

/* Begin PBXBuildFile section */
		FE1B5FCB1A0D97F700904ECB /* PolylineWithAnnotations.swift in Sources */ = {isa = PBXBuildFile; fileRef = FE1B5FCA1A0D97F700904ECB /* PolylineWithAnnotations.swift */; };
		FE5756EB1A96AB12006DE420 /* SettingsOverlay.xib in Resources */ = {isa = PBXBuildFile; fileRef = FE5756EA1A96AB12006DE420 /* SettingsOverlay.xib */; };
		FE5756ED1A96AF91006DE420 /* SettingsOverlayView.swift in Sources */ = {isa = PBXBuildFile; fileRef = FE5756EC1A96AF91006DE420 /* SettingsOverlayView.swift */; };
		FE6056BE1A6B883600A6D222 /* IntroContentViewController.swift in Sources */ = {isa = PBXBuildFile; fileRef = FE6056BD1A6B883600A6D222 /* IntroContentViewController.swift */; };
		FE6056C01A6B8AA300A6D222 /* IntroViewController.swift in Sources */ = {isa = PBXBuildFile; fileRef = FE6056BF1A6B8AA300A6D222 /* IntroViewController.swift */; };
		FE6863A01A0BF7FC0055EDE0 /* AppDelegate.swift in Sources */ = {isa = PBXBuildFile; fileRef = FE68639F1A0BF7FC0055EDE0 /* AppDelegate.swift */; };
		FE6863A21A0BF7FC0055EDE0 /* MapViewController.swift in Sources */ = {isa = PBXBuildFile; fileRef = FE6863A11A0BF7FC0055EDE0 /* MapViewController.swift */; };
		FE6863A51A0BF7FC0055EDE0 /* Main.storyboard in Resources */ = {isa = PBXBuildFile; fileRef = FE6863A31A0BF7FC0055EDE0 /* Main.storyboard */; };
		FE6863A71A0BF7FC0055EDE0 /* Images.xcassets in Resources */ = {isa = PBXBuildFile; fileRef = FE6863A61A0BF7FC0055EDE0 /* Images.xcassets */; };
		FE6863AA1A0BF7FC0055EDE0 /* LaunchScreen.xib in Resources */ = {isa = PBXBuildFile; fileRef = FE6863A81A0BF7FC0055EDE0 /* LaunchScreen.xib */; };
		FE6863B61A0BF7FC0055EDE0 /* Park_HereTests.swift in Sources */ = {isa = PBXBuildFile; fileRef = FE6863B51A0BF7FC0055EDE0 /* Park_HereTests.swift */; };
		FE6863C01A0BF8E10055EDE0 /* MapKit.framework in Frameworks */ = {isa = PBXBuildFile; fileRef = FE6863BF1A0BF8E10055EDE0 /* MapKit.framework */; };
		FE6863C21A0BFD940055EDE0 /* CoreLocation.framework in Frameworks */ = {isa = PBXBuildFile; fileRef = FE6863C11A0BFD940055EDE0 /* CoreLocation.framework */; };
		FEC97D691A88606700214D90 /* Geospatial.swift in Sources */ = {isa = PBXBuildFile; fileRef = FEC97D681A88606700214D90 /* Geospatial.swift */; };
/* End PBXBuildFile section */

/* Begin PBXContainerItemProxy section */
		FE6863B01A0BF7FC0055EDE0 /* PBXContainerItemProxy */ = {
			isa = PBXContainerItemProxy;
			containerPortal = FE6863921A0BF7FC0055EDE0 /* Project object */;
			proxyType = 1;
			remoteGlobalIDString = FE6863991A0BF7FC0055EDE0;
			remoteInfo = "Park Here";
		};
/* End PBXContainerItemProxy section */

/* Begin PBXFileReference section */
		FE1B5FCA1A0D97F700904ECB /* PolylineWithAnnotations.swift */ = {isa = PBXFileReference; fileEncoding = 4; lastKnownFileType = sourcecode.swift; path = PolylineWithAnnotations.swift; sourceTree = "<group>"; };
		FE5756EA1A96AB12006DE420 /* SettingsOverlay.xib */ = {isa = PBXFileReference; fileEncoding = 4; lastKnownFileType = file.xib; path = SettingsOverlay.xib; sourceTree = "<group>"; };
		FE5756EC1A96AF91006DE420 /* SettingsOverlayView.swift */ = {isa = PBXFileReference; fileEncoding = 4; lastKnownFileType = sourcecode.swift; path = SettingsOverlayView.swift; sourceTree = "<group>"; };
		FE6056BD1A6B883600A6D222 /* IntroContentViewController.swift */ = {isa = PBXFileReference; fileEncoding = 4; lastKnownFileType = sourcecode.swift; path = IntroContentViewController.swift; sourceTree = "<group>"; };
		FE6056BF1A6B8AA300A6D222 /* IntroViewController.swift */ = {isa = PBXFileReference; fileEncoding = 4; lastKnownFileType = sourcecode.swift; path = IntroViewController.swift; sourceTree = "<group>"; };
		FE68639A1A0BF7FC0055EDE0 /* Park Here.app */ = {isa = PBXFileReference; explicitFileType = wrapper.application; includeInIndex = 0; path = "Park Here.app"; sourceTree = BUILT_PRODUCTS_DIR; };
		FE68639E1A0BF7FC0055EDE0 /* Info.plist */ = {isa = PBXFileReference; lastKnownFileType = text.plist.xml; path = Info.plist; sourceTree = "<group>"; };
		FE68639F1A0BF7FC0055EDE0 /* AppDelegate.swift */ = {isa = PBXFileReference; lastKnownFileType = sourcecode.swift; path = AppDelegate.swift; sourceTree = "<group>"; };
		FE6863A11A0BF7FC0055EDE0 /* MapViewController.swift */ = {isa = PBXFileReference; lastKnownFileType = sourcecode.swift; path = MapViewController.swift; sourceTree = "<group>"; };
		FE6863A41A0BF7FC0055EDE0 /* Base */ = {isa = PBXFileReference; lastKnownFileType = file.storyboard; name = Base; path = Base.lproj/Main.storyboard; sourceTree = "<group>"; };
		FE6863A61A0BF7FC0055EDE0 /* Images.xcassets */ = {isa = PBXFileReference; lastKnownFileType = folder.assetcatalog; path = Images.xcassets; sourceTree = "<group>"; };
		FE6863A91A0BF7FC0055EDE0 /* Base */ = {isa = PBXFileReference; lastKnownFileType = file.xib; name = Base; path = Base.lproj/LaunchScreen.xib; sourceTree = "<group>"; };
		FE6863AF1A0BF7FC0055EDE0 /* Park HereTests.xctest */ = {isa = PBXFileReference; explicitFileType = wrapper.cfbundle; includeInIndex = 0; path = "Park HereTests.xctest"; sourceTree = BUILT_PRODUCTS_DIR; };
		FE6863B41A0BF7FC0055EDE0 /* Info.plist */ = {isa = PBXFileReference; lastKnownFileType = text.plist.xml; path = Info.plist; sourceTree = "<group>"; };
		FE6863B51A0BF7FC0055EDE0 /* Park_HereTests.swift */ = {isa = PBXFileReference; lastKnownFileType = sourcecode.swift; path = Park_HereTests.swift; sourceTree = "<group>"; };
		FE6863BF1A0BF8E10055EDE0 /* MapKit.framework */ = {isa = PBXFileReference; lastKnownFileType = wrapper.framework; name = MapKit.framework; path = System/Library/Frameworks/MapKit.framework; sourceTree = SDKROOT; };
		FE6863C11A0BFD940055EDE0 /* CoreLocation.framework */ = {isa = PBXFileReference; lastKnownFileType = wrapper.framework; name = CoreLocation.framework; path = System/Library/Frameworks/CoreLocation.framework; sourceTree = SDKROOT; };
		FEC97D681A88606700214D90 /* Geospatial.swift */ = {isa = PBXFileReference; fileEncoding = 4; lastKnownFileType = sourcecode.swift; path = Geospatial.swift; sourceTree = "<group>"; };
/* End PBXFileReference section */

/* Begin PBXFrameworksBuildPhase section */
		FE6863971A0BF7FC0055EDE0 /* Frameworks */ = {
			isa = PBXFrameworksBuildPhase;
			buildActionMask = 2147483647;
			files = (
				FE6863C21A0BFD940055EDE0 /* CoreLocation.framework in Frameworks */,
				FE6863C01A0BF8E10055EDE0 /* MapKit.framework in Frameworks */,
			);
			runOnlyForDeploymentPostprocessing = 0;
		};
		FE6863AC1A0BF7FC0055EDE0 /* Frameworks */ = {
			isa = PBXFrameworksBuildPhase;
			buildActionMask = 2147483647;
			files = (
			);
			runOnlyForDeploymentPostprocessing = 0;
		};
/* End PBXFrameworksBuildPhase section */

/* Begin PBXGroup section */
		FE1F6F1B1A6C8F6000B75AAA /* Support Classes */ = {
			isa = PBXGroup;
			children = (
				FE1B5FCA1A0D97F700904ECB /* PolylineWithAnnotations.swift */,
				FEC97D681A88606700214D90 /* Geospatial.swift */,
			);
			name = "Support Classes";
			sourceTree = "<group>";
		};
		FE1F6F1C1A6C8F7900B75AAA /* Intro Views */ = {
			isa = PBXGroup;
			children = (
				FE6056BF1A6B8AA300A6D222 /* IntroViewController.swift */,
				FE6056BD1A6B883600A6D222 /* IntroContentViewController.swift */,
			);
			name = "Intro Views";
			sourceTree = "<group>";
		};
		FE1F6F1D1A6C8F9D00B75AAA /* Map View */ = {
			isa = PBXGroup;
			children = (
				FE6863A11A0BF7FC0055EDE0 /* MapViewController.swift */,
				FE5756EA1A96AB12006DE420 /* SettingsOverlay.xib */,
				FE5756EC1A96AF91006DE420 /* SettingsOverlayView.swift */,
			);
			name = "Map View";
			sourceTree = "<group>";
		};
		FE6863911A0BF7FC0055EDE0 = {
			isa = PBXGroup;
			children = (
				FE6863C11A0BFD940055EDE0 /* CoreLocation.framework */,
				FE6863BF1A0BF8E10055EDE0 /* MapKit.framework */,
				FE68639C1A0BF7FC0055EDE0 /* Park Here */,
				FE6863B21A0BF7FC0055EDE0 /* Park HereTests */,
				FE68639B1A0BF7FC0055EDE0 /* Products */,
			);
			sourceTree = "<group>";
		};
		FE68639B1A0BF7FC0055EDE0 /* Products */ = {
			isa = PBXGroup;
			children = (
				FE68639A1A0BF7FC0055EDE0 /* Park Here.app */,
				FE6863AF1A0BF7FC0055EDE0 /* Park HereTests.xctest */,
			);
			name = Products;
			sourceTree = "<group>";
		};
		FE68639C1A0BF7FC0055EDE0 /* Park Here */ = {
			isa = PBXGroup;
			children = (
				FE68639F1A0BF7FC0055EDE0 /* AppDelegate.swift */,
				FE1F6F1D1A6C8F9D00B75AAA /* Map View */,
				FE6863A31A0BF7FC0055EDE0 /* Main.storyboard */,
				FE1F6F1C1A6C8F7900B75AAA /* Intro Views */,
				FE6863A61A0BF7FC0055EDE0 /* Images.xcassets */,
				FE6863A81A0BF7FC0055EDE0 /* LaunchScreen.xib */,
				FE68639D1A0BF7FC0055EDE0 /* Supporting Files */,
				FE1F6F1B1A6C8F6000B75AAA /* Support Classes */,
			);
			path = "Park Here";
			sourceTree = "<group>";
		};
		FE68639D1A0BF7FC0055EDE0 /* Supporting Files */ = {
			isa = PBXGroup;
			children = (
				FE68639E1A0BF7FC0055EDE0 /* Info.plist */,
			);
			name = "Supporting Files";
			sourceTree = "<group>";
		};
		FE6863B21A0BF7FC0055EDE0 /* Park HereTests */ = {
			isa = PBXGroup;
			children = (
				FE6863B51A0BF7FC0055EDE0 /* Park_HereTests.swift */,
				FE6863B31A0BF7FC0055EDE0 /* Supporting Files */,
			);
			path = "Park HereTests";
			sourceTree = "<group>";
		};
		FE6863B31A0BF7FC0055EDE0 /* Supporting Files */ = {
			isa = PBXGroup;
			children = (
				FE6863B41A0BF7FC0055EDE0 /* Info.plist */,
			);
			name = "Supporting Files";
			sourceTree = "<group>";
		};
/* End PBXGroup section */

/* Begin PBXNativeTarget section */
		FE6863991A0BF7FC0055EDE0 /* Park Here */ = {
			isa = PBXNativeTarget;
			buildConfigurationList = FE6863B91A0BF7FC0055EDE0 /* Build configuration list for PBXNativeTarget "Park Here" */;
			buildPhases = (
				FE6863961A0BF7FC0055EDE0 /* Sources */,
				FE6863971A0BF7FC0055EDE0 /* Frameworks */,
				FE6863981A0BF7FC0055EDE0 /* Resources */,
			);
			buildRules = (
			);
			dependencies = (
			);
			name = "Park Here";
			productName = "Park Here";
			productReference = FE68639A1A0BF7FC0055EDE0 /* Park Here.app */;
			productType = "com.apple.product-type.application";
		};
		FE6863AE1A0BF7FC0055EDE0 /* Park HereTests */ = {
			isa = PBXNativeTarget;
			buildConfigurationList = FE6863BC1A0BF7FC0055EDE0 /* Build configuration list for PBXNativeTarget "Park HereTests" */;
			buildPhases = (
				FE6863AB1A0BF7FC0055EDE0 /* Sources */,
				FE6863AC1A0BF7FC0055EDE0 /* Frameworks */,
				FE6863AD1A0BF7FC0055EDE0 /* Resources */,
			);
			buildRules = (
			);
			dependencies = (
				FE6863B11A0BF7FC0055EDE0 /* PBXTargetDependency */,
			);
			name = "Park HereTests";
			productName = "Park HereTests";
			productReference = FE6863AF1A0BF7FC0055EDE0 /* Park HereTests.xctest */;
			productType = "com.apple.product-type.bundle.unit-test";
		};
/* End PBXNativeTarget section */

/* Begin PBXProject section */
		FE6863921A0BF7FC0055EDE0 /* Project object */ = {
			isa = PBXProject;
			attributes = {
				LastUpgradeCheck = 0610;
				ORGANIZATIONNAME = "Aditya Bansod";
				TargetAttributes = {
					FE6863991A0BF7FC0055EDE0 = {
						CreatedOnToolsVersion = 6.1;
						DevelopmentTeam = QSHN5UL49F;
						SystemCapabilities = {
							com.apple.Maps.iOS = {
								enabled = 1;
							};
						};
					};
					FE6863AE1A0BF7FC0055EDE0 = {
						CreatedOnToolsVersion = 6.1;
						TestTargetID = FE6863991A0BF7FC0055EDE0;
					};
				};
			};
			buildConfigurationList = FE6863951A0BF7FC0055EDE0 /* Build configuration list for PBXProject "Park Here" */;
			compatibilityVersion = "Xcode 3.2";
			developmentRegion = English;
			hasScannedForEncodings = 0;
			knownRegions = (
				en,
				Base,
			);
			mainGroup = FE6863911A0BF7FC0055EDE0;
			productRefGroup = FE68639B1A0BF7FC0055EDE0 /* Products */;
			projectDirPath = "";
			projectRoot = "";
			targets = (
				FE6863991A0BF7FC0055EDE0 /* Park Here */,
				FE6863AE1A0BF7FC0055EDE0 /* Park HereTests */,
			);
		};
/* End PBXProject section */

/* Begin PBXResourcesBuildPhase section */
		FE6863981A0BF7FC0055EDE0 /* Resources */ = {
			isa = PBXResourcesBuildPhase;
			buildActionMask = 2147483647;
			files = (
				FE6863A51A0BF7FC0055EDE0 /* Main.storyboard in Resources */,
				FE6863AA1A0BF7FC0055EDE0 /* LaunchScreen.xib in Resources */,
				FE6863A71A0BF7FC0055EDE0 /* Images.xcassets in Resources */,
				FE5756EB1A96AB12006DE420 /* SettingsOverlay.xib in Resources */,
			);
			runOnlyForDeploymentPostprocessing = 0;
		};
		FE6863AD1A0BF7FC0055EDE0 /* Resources */ = {
			isa = PBXResourcesBuildPhase;
			buildActionMask = 2147483647;
			files = (
			);
			runOnlyForDeploymentPostprocessing = 0;
		};
/* End PBXResourcesBuildPhase section */

/* Begin PBXSourcesBuildPhase section */
		FE6863961A0BF7FC0055EDE0 /* Sources */ = {
			isa = PBXSourcesBuildPhase;
			buildActionMask = 2147483647;
			files = (
				FEC97D691A88606700214D90 /* Geospatial.swift in Sources */,
				FE6056C01A6B8AA300A6D222 /* IntroViewController.swift in Sources */,
				FE5756ED1A96AF91006DE420 /* SettingsOverlayView.swift in Sources */,
				FE1B5FCB1A0D97F700904ECB /* PolylineWithAnnotations.swift in Sources */,
				FE6056BE1A6B883600A6D222 /* IntroContentViewController.swift in Sources */,
				FE6863A21A0BF7FC0055EDE0 /* MapViewController.swift in Sources */,
				FE6863A01A0BF7FC0055EDE0 /* AppDelegate.swift in Sources */,
			);
			runOnlyForDeploymentPostprocessing = 0;
		};
		FE6863AB1A0BF7FC0055EDE0 /* Sources */ = {
			isa = PBXSourcesBuildPhase;
			buildActionMask = 2147483647;
			files = (
				FE6863B61A0BF7FC0055EDE0 /* Park_HereTests.swift in Sources */,
			);
			runOnlyForDeploymentPostprocessing = 0;
		};
/* End PBXSourcesBuildPhase section */

/* Begin PBXTargetDependency section */
		FE6863B11A0BF7FC0055EDE0 /* PBXTargetDependency */ = {
			isa = PBXTargetDependency;
			target = FE6863991A0BF7FC0055EDE0 /* Park Here */;
			targetProxy = FE6863B01A0BF7FC0055EDE0 /* PBXContainerItemProxy */;
		};
/* End PBXTargetDependency section */

/* Begin PBXVariantGroup section */
		FE6863A31A0BF7FC0055EDE0 /* Main.storyboard */ = {
			isa = PBXVariantGroup;
			children = (
				FE6863A41A0BF7FC0055EDE0 /* Base */,
			);
			name = Main.storyboard;
			sourceTree = "<group>";
		};
		FE6863A81A0BF7FC0055EDE0 /* LaunchScreen.xib */ = {
			isa = PBXVariantGroup;
			children = (
				FE6863A91A0BF7FC0055EDE0 /* Base */,
			);
			name = LaunchScreen.xib;
			sourceTree = "<group>";
		};
/* End PBXVariantGroup section */

/* Begin XCBuildConfiguration section */
		FE6863B71A0BF7FC0055EDE0 /* Debug */ = {
			isa = XCBuildConfiguration;
			buildSettings = {
				ALWAYS_SEARCH_USER_PATHS = NO;
				CLANG_CXX_LANGUAGE_STANDARD = "gnu++0x";
				CLANG_CXX_LIBRARY = "libc++";
				CLANG_ENABLE_MODULES = YES;
				CLANG_ENABLE_OBJC_ARC = YES;
				CLANG_WARN_BOOL_CONVERSION = YES;
				CLANG_WARN_CONSTANT_CONVERSION = YES;
				CLANG_WARN_DIRECT_OBJC_ISA_USAGE = YES_ERROR;
				CLANG_WARN_EMPTY_BODY = YES;
				CLANG_WARN_ENUM_CONVERSION = YES;
				CLANG_WARN_INT_CONVERSION = YES;
				CLANG_WARN_OBJC_ROOT_CLASS = YES_ERROR;
				CLANG_WARN_UNREACHABLE_CODE = YES;
				CLANG_WARN__DUPLICATE_METHOD_MATCH = YES;
				"CODE_SIGN_IDENTITY[sdk=iphoneos*]" = "iPhone Developer";
				COPY_PHASE_STRIP = NO;
				ENABLE_STRICT_OBJC_MSGSEND = YES;
				GCC_C_LANGUAGE_STANDARD = gnu99;
				GCC_DYNAMIC_NO_PIC = NO;
				GCC_OPTIMIZATION_LEVEL = 0;
				GCC_PREPROCESSOR_DEFINITIONS = (
					"DEBUG=1",
					"$(inherited)",
				);
				GCC_SYMBOLS_PRIVATE_EXTERN = NO;
				GCC_WARN_64_TO_32_BIT_CONVERSION = YES;
				GCC_WARN_ABOUT_RETURN_TYPE = YES_ERROR;
				GCC_WARN_UNDECLARED_SELECTOR = YES;
				GCC_WARN_UNINITIALIZED_AUTOS = YES_AGGRESSIVE;
				GCC_WARN_UNUSED_FUNCTION = YES;
				GCC_WARN_UNUSED_VARIABLE = YES;
				IPHONEOS_DEPLOYMENT_TARGET = 8.1;
				MTL_ENABLE_DEBUG_INFO = YES;
				ONLY_ACTIVE_ARCH = YES;
				OTHER_SWIFT_FLAGS = "-DDEBUG";
				SDKROOT = iphoneos;
				SWIFT_OPTIMIZATION_LEVEL = "-Onone";
			};
			name = Debug;
		};
		FE6863B81A0BF7FC0055EDE0 /* Release */ = {
			isa = XCBuildConfiguration;
			buildSettings = {
				ALWAYS_SEARCH_USER_PATHS = NO;
				CLANG_CXX_LANGUAGE_STANDARD = "gnu++0x";
				CLANG_CXX_LIBRARY = "libc++";
				CLANG_ENABLE_MODULES = YES;
				CLANG_ENABLE_OBJC_ARC = YES;
				CLANG_WARN_BOOL_CONVERSION = YES;
				CLANG_WARN_CONSTANT_CONVERSION = YES;
				CLANG_WARN_DIRECT_OBJC_ISA_USAGE = YES_ERROR;
				CLANG_WARN_EMPTY_BODY = YES;
				CLANG_WARN_ENUM_CONVERSION = YES;
				CLANG_WARN_INT_CONVERSION = YES;
				CLANG_WARN_OBJC_ROOT_CLASS = YES_ERROR;
				CLANG_WARN_UNREACHABLE_CODE = YES;
				CLANG_WARN__DUPLICATE_METHOD_MATCH = YES;
				CODE_SIGN_IDENTITY = "iPhone Distribution";
				"CODE_SIGN_IDENTITY[sdk=iphoneos*]" = "iPhone Distribution";
				COPY_PHASE_STRIP = YES;
				ENABLE_NS_ASSERTIONS = NO;
				ENABLE_STRICT_OBJC_MSGSEND = YES;
				GCC_C_LANGUAGE_STANDARD = gnu99;
				GCC_WARN_64_TO_32_BIT_CONVERSION = YES;
				GCC_WARN_ABOUT_RETURN_TYPE = YES_ERROR;
				GCC_WARN_UNDECLARED_SELECTOR = YES;
				GCC_WARN_UNINITIALIZED_AUTOS = YES_AGGRESSIVE;
				GCC_WARN_UNUSED_FUNCTION = YES;
				GCC_WARN_UNUSED_VARIABLE = YES;
				IPHONEOS_DEPLOYMENT_TARGET = 8.1;
				MTL_ENABLE_DEBUG_INFO = NO;
				SDKROOT = iphoneos;
				VALIDATE_PRODUCT = YES;
			};
			name = Release;
		};
		FE6863BA1A0BF7FC0055EDE0 /* Debug */ = {
			isa = XCBuildConfiguration;
			buildSettings = {
				ASSETCATALOG_COMPILER_APPICON_NAME = AppIcon;
				INFOPLIST_FILE = "Park Here/Info.plist";
				LD_RUNPATH_SEARCH_PATHS = "$(inherited) @executable_path/Frameworks";
				PRODUCT_NAME = "$(TARGET_NAME)";
			};
			name = Debug;
		};
		FE6863BB1A0BF7FC0055EDE0 /* Release */ = {
			isa = XCBuildConfiguration;
			buildSettings = {
				ASSETCATALOG_COMPILER_APPICON_NAME = AppIcon;
				INFOPLIST_FILE = "Park Here/Info.plist";
				LD_RUNPATH_SEARCH_PATHS = "$(inherited) @executable_path/Frameworks";
				PRODUCT_NAME = "$(TARGET_NAME)";
			};
			name = Release;
		};
		FE6863BD1A0BF7FC0055EDE0 /* Debug */ = {
			isa = XCBuildConfiguration;
			buildSettings = {
				BUNDLE_LOADER = "$(TEST_HOST)";
				FRAMEWORK_SEARCH_PATHS = (
					"$(SDKROOT)/Developer/Library/Frameworks",
					"$(inherited)",
				);
				GCC_PREPROCESSOR_DEFINITIONS = (
					"DEBUG=1",
					"$(inherited)",
				);
				INFOPLIST_FILE = "Park HereTests/Info.plist";
				LD_RUNPATH_SEARCH_PATHS = "$(inherited) @executable_path/Frameworks @loader_path/Frameworks";
				PRODUCT_NAME = "$(TARGET_NAME)";
				TEST_HOST = "$(BUILT_PRODUCTS_DIR)/Park Here.app/Park Here";
			};
			name = Debug;
		};
		FE6863BE1A0BF7FC0055EDE0 /* Release */ = {
			isa = XCBuildConfiguration;
			buildSettings = {
				BUNDLE_LOADER = "$(TEST_HOST)";
				FRAMEWORK_SEARCH_PATHS = (
					"$(SDKROOT)/Developer/Library/Frameworks",
					"$(inherited)",
				);
				INFOPLIST_FILE = "Park HereTests/Info.plist";
				LD_RUNPATH_SEARCH_PATHS = "$(inherited) @executable_path/Frameworks @loader_path/Frameworks";
				PRODUCT_NAME = "$(TARGET_NAME)";
				TEST_HOST = "$(BUILT_PRODUCTS_DIR)/Park Here.app/Park Here";
			};
			name = Release;
		};
/* End XCBuildConfiguration section */

/* Begin XCConfigurationList section */
		FE6863951A0BF7FC0055EDE0 /* Build configuration list for PBXProject "Park Here" */ = {
			isa = XCConfigurationList;
			buildConfigurations = (
				FE6863B71A0BF7FC0055EDE0 /* Debug */,
				FE6863B81A0BF7FC0055EDE0 /* Release */,
			);
			defaultConfigurationIsVisible = 0;
			defaultConfigurationName = Release;
		};
		FE6863B91A0BF7FC0055EDE0 /* Build configuration list for PBXNativeTarget "Park Here" */ = {
			isa = XCConfigurationList;
			buildConfigurations = (
				FE6863BA1A0BF7FC0055EDE0 /* Debug */,
				FE6863BB1A0BF7FC0055EDE0 /* Release */,
			);
			defaultConfigurationIsVisible = 0;
			defaultConfigurationName = Release;
		};
		FE6863BC1A0BF7FC0055EDE0 /* Build configuration list for PBXNativeTarget "Park HereTests" */ = {
			isa = XCConfigurationList;
			buildConfigurations = (
				FE6863BD1A0BF7FC0055EDE0 /* Debug */,
				FE6863BE1A0BF7FC0055EDE0 /* Release */,
			);
			defaultConfigurationIsVisible = 0;
			defaultConfigurationName = Release;
		};
/* End XCConfigurationList section */
	};
	rootObject = FE6863921A0BF7FC0055EDE0 /* Project object */;
}
